// !$*UTF8*$!
{
	archiveVersion = 1;
	classes = {
	};
	objectVersion = 55;
	objects = {

/* Begin PBXBuildFile section */
		6E044E9727A11D3C00607D76 /* GeoAreaUI.swift in Sources */ = {isa = PBXBuildFile; fileRef = 6E044E9627A11D3C00607D76 /* GeoAreaUI.swift */; };
		6E044E9B27A1239400607D76 /* Extension.swift in Sources */ = {isa = PBXBuildFile; fileRef = 6E044E9A27A1239400607D76 /* Extension.swift */; };
		6E044E9F27A1264900607D76 /* TestMove.gpx in Resources */ = {isa = PBXBuildFile; fileRef = 6E044E9E27A1264900607D76 /* TestMove.gpx */; };
		6E044EA227A242EB00607D76 /* GeofenceLogicTest.swift in Sources */ = {isa = PBXBuildFile; fileRef = 6E044EA127A242EB00607D76 /* GeofenceLogicTest.swift */; };
		6EB7566B27A0530C00D14C3E /* AppDelegate.swift in Sources */ = {isa = PBXBuildFile; fileRef = 6EB7566A27A0530C00D14C3E /* AppDelegate.swift */; };
		6EB7566D27A0530C00D14C3E /* SceneDelegate.swift in Sources */ = {isa = PBXBuildFile; fileRef = 6EB7566C27A0530C00D14C3E /* SceneDelegate.swift */; };
		6EB7567227A0530C00D14C3E /* Main.storyboard in Resources */ = {isa = PBXBuildFile; fileRef = 6EB7567027A0530C00D14C3E /* Main.storyboard */; };
		6EB7567427A0530F00D14C3E /* Assets.xcassets in Resources */ = {isa = PBXBuildFile; fileRef = 6EB7567327A0530F00D14C3E /* Assets.xcassets */; };
		6EB7567727A0530F00D14C3E /* LaunchScreen.storyboard in Resources */ = {isa = PBXBuildFile; fileRef = 6EB7567527A0530F00D14C3E /* LaunchScreen.storyboard */; };
		6EB7568C27A0530F00D14C3E /* assignment_geofenceUITests.swift in Sources */ = {isa = PBXBuildFile; fileRef = 6EB7568B27A0530F00D14C3E /* assignment_geofenceUITests.swift */; };
		6EB756A027A05CDC00D14C3E /* GeoAreaEntity.swift in Sources */ = {isa = PBXBuildFile; fileRef = 6EB7569F27A05CDC00D14C3E /* GeoAreaEntity.swift */; };
		6EB756A927A0F70400D14C3E /* GeotificationsViewController.swift in Sources */ = {isa = PBXBuildFile; fileRef = 6EB756A727A0F70300D14C3E /* GeotificationsViewController.swift */; };
		6EB756AA27A0F70400D14C3E /* GeotificationsViewController.xib in Resources */ = {isa = PBXBuildFile; fileRef = 6EB756A827A0F70400D14C3E /* GeotificationsViewController.xib */; };
		6EB756AE27A0FD9000D14C3E /* LocationManager.swift in Sources */ = {isa = PBXBuildFile; fileRef = 6EB756AD27A0FD9000D14C3E /* LocationManager.swift */; };
		6EC1AA6727A28D6900E4589C /* AddGeotificationViewController.swift in Sources */ = {isa = PBXBuildFile; fileRef = 6EC1AA6527A28D6900E4589C /* AddGeotificationViewController.swift */; };
		6EC1AA6827A28D6900E4589C /* AddGeotificationViewController.xib in Resources */ = {isa = PBXBuildFile; fileRef = 6EC1AA6627A28D6900E4589C /* AddGeotificationViewController.xib */; };
		6ECD8F0A27A5452D0068C2AC /* GeoAreaEntity+Extension.swift in Sources */ = {isa = PBXBuildFile; fileRef = 6ECD8F0927A5452D0068C2AC /* GeoAreaEntity+Extension.swift */; };
		6ECD8F1327A54B680068C2AC /* GeoficationRepositoryMock.swift in Sources */ = {isa = PBXBuildFile; fileRef = 6ECD8F1227A54B680068C2AC /* GeoficationRepositoryMock.swift */; };
		6ECD8F1527A54BF10068C2AC /* GeofenceAreaUseCaseTests.swift in Sources */ = {isa = PBXBuildFile; fileRef = 6ECD8F1427A54BF10068C2AC /* GeofenceAreaUseCaseTests.swift */; };
		6EE75F4527A2A1BD0062787C /* GeofenceAreaUseCase.swift in Sources */ = {isa = PBXBuildFile; fileRef = 6EE75F4427A2A1BD0062787C /* GeofenceAreaUseCase.swift */; };
		6EE75F4827A2A7F70062787C /* GeoficationRepository.swift in Sources */ = {isa = PBXBuildFile; fileRef = 6EE75F4727A2A7F70062787C /* GeoficationRepository.swift */; };
		6EE75F4C27A2AF900062787C /* UserDefaultGeofenceRepositoryImp.swift in Sources */ = {isa = PBXBuildFile; fileRef = 6EE75F4B27A2AF900062787C /* UserDefaultGeofenceRepositoryImp.swift */; };
		6EE75F4E27A3D3F30062787C /* GeoAreaDataModel.swift in Sources */ = {isa = PBXBuildFile; fileRef = 6EE75F4D27A3D3F30062787C /* GeoAreaDataModel.swift */; };
		6EE75F5127A3D59E0062787C /* GeoAreaEntity+Mapping.swift in Sources */ = {isa = PBXBuildFile; fileRef = 6EE75F5027A3D59E0062787C /* GeoAreaEntity+Mapping.swift */; };
		6EE75F5427A3F0880062787C /* GeoAreaUI+Mapping.swift in Sources */ = {isa = PBXBuildFile; fileRef = 6EE75F5327A3F0880062787C /* GeoAreaUI+Mapping.swift */; };
/* End PBXBuildFile section */

/* Begin PBXContainerItemProxy section */
		6EB7567E27A0530F00D14C3E /* PBXContainerItemProxy */ = {
			isa = PBXContainerItemProxy;
			containerPortal = 6EB7565F27A0530C00D14C3E /* Project object */;
			proxyType = 1;
			remoteGlobalIDString = 6EB7566627A0530C00D14C3E;
			remoteInfo = assignment_geofence;
		};
		6EB7568827A0530F00D14C3E /* PBXContainerItemProxy */ = {
			isa = PBXContainerItemProxy;
			containerPortal = 6EB7565F27A0530C00D14C3E /* Project object */;
			proxyType = 1;
			remoteGlobalIDString = 6EB7566627A0530C00D14C3E;
			remoteInfo = assignment_geofence;
		};
/* End PBXContainerItemProxy section */

/* Begin PBXFileReference section */
		6E044E9627A11D3C00607D76 /* GeoAreaUI.swift */ = {isa = PBXFileReference; lastKnownFileType = sourcecode.swift; path = GeoAreaUI.swift; sourceTree = "<group>"; };
		6E044E9A27A1239400607D76 /* Extension.swift */ = {isa = PBXFileReference; lastKnownFileType = sourcecode.swift; path = Extension.swift; sourceTree = "<group>"; };
		6E044E9E27A1264900607D76 /* TestMove.gpx */ = {isa = PBXFileReference; lastKnownFileType = text.xml; path = TestMove.gpx; sourceTree = "<group>"; };
		6E044EA027A128B800607D76 /* HoChiMinh.gpx */ = {isa = PBXFileReference; lastKnownFileType = text.xml; path = HoChiMinh.gpx; sourceTree = "<group>"; };
		6E044EA127A242EB00607D76 /* GeofenceLogicTest.swift */ = {isa = PBXFileReference; lastKnownFileType = sourcecode.swift; path = GeofenceLogicTest.swift; sourceTree = "<group>"; };
		6EB7566727A0530C00D14C3E /* assignment_geofence.app */ = {isa = PBXFileReference; explicitFileType = wrapper.application; includeInIndex = 0; path = assignment_geofence.app; sourceTree = BUILT_PRODUCTS_DIR; };
		6EB7566A27A0530C00D14C3E /* AppDelegate.swift */ = {isa = PBXFileReference; lastKnownFileType = sourcecode.swift; path = AppDelegate.swift; sourceTree = "<group>"; };
		6EB7566C27A0530C00D14C3E /* SceneDelegate.swift */ = {isa = PBXFileReference; lastKnownFileType = sourcecode.swift; path = SceneDelegate.swift; sourceTree = "<group>"; };
		6EB7567127A0530C00D14C3E /* Base */ = {isa = PBXFileReference; lastKnownFileType = file.storyboard; name = Base; path = Base.lproj/Main.storyboard; sourceTree = "<group>"; };
		6EB7567327A0530F00D14C3E /* Assets.xcassets */ = {isa = PBXFileReference; lastKnownFileType = folder.assetcatalog; path = Assets.xcassets; sourceTree = "<group>"; };
		6EB7567627A0530F00D14C3E /* Base */ = {isa = PBXFileReference; lastKnownFileType = file.storyboard; name = Base; path = Base.lproj/LaunchScreen.storyboard; sourceTree = "<group>"; };
		6EB7567827A0530F00D14C3E /* Info.plist */ = {isa = PBXFileReference; lastKnownFileType = text.plist.xml; path = Info.plist; sourceTree = "<group>"; };
		6EB7567D27A0530F00D14C3E /* assignment_geofenceTests.xctest */ = {isa = PBXFileReference; explicitFileType = wrapper.cfbundle; includeInIndex = 0; path = assignment_geofenceTests.xctest; sourceTree = BUILT_PRODUCTS_DIR; };
		6EB7568727A0530F00D14C3E /* assignment_geofenceUITests.xctest */ = {isa = PBXFileReference; explicitFileType = wrapper.cfbundle; includeInIndex = 0; path = assignment_geofenceUITests.xctest; sourceTree = BUILT_PRODUCTS_DIR; };
		6EB7568B27A0530F00D14C3E /* assignment_geofenceUITests.swift */ = {isa = PBXFileReference; lastKnownFileType = sourcecode.swift; path = assignment_geofenceUITests.swift; sourceTree = "<group>"; };
		6EB7569F27A05CDC00D14C3E /* GeoAreaEntity.swift */ = {isa = PBXFileReference; lastKnownFileType = sourcecode.swift; path = GeoAreaEntity.swift; sourceTree = "<group>"; };
		6EB756A727A0F70300D14C3E /* GeotificationsViewController.swift */ = {isa = PBXFileReference; lastKnownFileType = sourcecode.swift; path = GeotificationsViewController.swift; sourceTree = "<group>"; };
		6EB756A827A0F70400D14C3E /* GeotificationsViewController.xib */ = {isa = PBXFileReference; lastKnownFileType = file.xib; path = GeotificationsViewController.xib; sourceTree = "<group>"; };
		6EB756AD27A0FD9000D14C3E /* LocationManager.swift */ = {isa = PBXFileReference; lastKnownFileType = sourcecode.swift; path = LocationManager.swift; sourceTree = "<group>"; };
		6EC1AA6527A28D6900E4589C /* AddGeotificationViewController.swift */ = {isa = PBXFileReference; lastKnownFileType = sourcecode.swift; path = AddGeotificationViewController.swift; sourceTree = "<group>"; };
		6EC1AA6627A28D6900E4589C /* AddGeotificationViewController.xib */ = {isa = PBXFileReference; lastKnownFileType = file.xib; path = AddGeotificationViewController.xib; sourceTree = "<group>"; };
		6ECD8F0927A5452D0068C2AC /* GeoAreaEntity+Extension.swift */ = {isa = PBXFileReference; lastKnownFileType = sourcecode.swift; path = "GeoAreaEntity+Extension.swift"; sourceTree = "<group>"; };
		6ECD8F1227A54B680068C2AC /* GeoficationRepositoryMock.swift */ = {isa = PBXFileReference; lastKnownFileType = sourcecode.swift; path = GeoficationRepositoryMock.swift; sourceTree = "<group>"; };
		6ECD8F1427A54BF10068C2AC /* GeofenceAreaUseCaseTests.swift */ = {isa = PBXFileReference; lastKnownFileType = sourcecode.swift; path = GeofenceAreaUseCaseTests.swift; sourceTree = "<group>"; };
		6EE75F4427A2A1BD0062787C /* GeofenceAreaUseCase.swift */ = {isa = PBXFileReference; lastKnownFileType = sourcecode.swift; path = GeofenceAreaUseCase.swift; sourceTree = "<group>"; };
		6EE75F4727A2A7F70062787C /* GeoficationRepository.swift */ = {isa = PBXFileReference; lastKnownFileType = sourcecode.swift; path = GeoficationRepository.swift; sourceTree = "<group>"; };
		6EE75F4B27A2AF900062787C /* UserDefaultGeofenceRepositoryImp.swift */ = {isa = PBXFileReference; lastKnownFileType = sourcecode.swift; path = UserDefaultGeofenceRepositoryImp.swift; sourceTree = "<group>"; };
		6EE75F4D27A3D3F30062787C /* GeoAreaDataModel.swift */ = {isa = PBXFileReference; lastKnownFileType = sourcecode.swift; path = GeoAreaDataModel.swift; sourceTree = "<group>"; };
		6EE75F5027A3D59E0062787C /* GeoAreaEntity+Mapping.swift */ = {isa = PBXFileReference; lastKnownFileType = sourcecode.swift; path = "GeoAreaEntity+Mapping.swift"; sourceTree = "<group>"; };
		6EE75F5327A3F0880062787C /* GeoAreaUI+Mapping.swift */ = {isa = PBXFileReference; lastKnownFileType = sourcecode.swift; path = "GeoAreaUI+Mapping.swift"; sourceTree = "<group>"; };
/* End PBXFileReference section */

/* Begin PBXFrameworksBuildPhase section */
		6EB7566427A0530C00D14C3E /* Frameworks */ = {
			isa = PBXFrameworksBuildPhase;
			buildActionMask = 2147483647;
			files = (
			);
			runOnlyForDeploymentPostprocessing = 0;
		};
		6EB7567A27A0530F00D14C3E /* Frameworks */ = {
			isa = PBXFrameworksBuildPhase;
			buildActionMask = 2147483647;
			files = (
			);
			runOnlyForDeploymentPostprocessing = 0;
		};
		6EB7568427A0530F00D14C3E /* Frameworks */ = {
			isa = PBXFrameworksBuildPhase;
			buildActionMask = 2147483647;
			files = (
			);
			runOnlyForDeploymentPostprocessing = 0;
		};
/* End PBXFrameworksBuildPhase section */

/* Begin PBXGroup section */
		6E044E9527A11CCA00607D76 /* Models */ = {
			isa = PBXGroup;
			children = (
				6E044E9627A11D3C00607D76 /* GeoAreaUI.swift */,
			);
			path = Models;
			sourceTree = "<group>";
		};
		6EB7565E27A0530C00D14C3E = {
			isa = PBXGroup;
			children = (
				6EB7566927A0530C00D14C3E /* assignment_geofence */,
				6EB7568027A0530F00D14C3E /* assignment_geofenceTests */,
				6EB7568A27A0530F00D14C3E /* assignment_geofenceUITests */,
				6EB7566827A0530C00D14C3E /* Products */,
			);
			sourceTree = "<group>";
		};
		6EB7566827A0530C00D14C3E /* Products */ = {
			isa = PBXGroup;
			children = (
				6EB7566727A0530C00D14C3E /* assignment_geofence.app */,
				6EB7567D27A0530F00D14C3E /* assignment_geofenceTests.xctest */,
				6EB7568727A0530F00D14C3E /* assignment_geofenceUITests.xctest */,
			);
			name = Products;
			sourceTree = "<group>";
		};
		6EB7566927A0530C00D14C3E /* assignment_geofence */ = {
			isa = PBXGroup;
			children = (
				6EB756A627A0F34D00D14C3E /* SupportingFiles */,
				6EB756A527A0F33000D14C3E /* Application */,
				6EB7569C27A0535C00D14C3E /* Data */,
				6EB7569B27A0533900D14C3E /* Presentation */,
				6EB7569A27A0532800D14C3E /* Domain */,
			);
			path = assignment_geofence;
			sourceTree = "<group>";
		};
		6EB7568027A0530F00D14C3E /* assignment_geofenceTests */ = {
			isa = PBXGroup;
			children = (
				6E044EA127A242EB00607D76 /* GeofenceLogicTest.swift */,
				6ECD8F1227A54B680068C2AC /* GeoficationRepositoryMock.swift */,
				6ECD8F1427A54BF10068C2AC /* GeofenceAreaUseCaseTests.swift */,
			);
			path = assignment_geofenceTests;
			sourceTree = "<group>";
		};
		6EB7568A27A0530F00D14C3E /* assignment_geofenceUITests */ = {
			isa = PBXGroup;
			children = (
				6EB7568B27A0530F00D14C3E /* assignment_geofenceUITests.swift */,
			);
			path = assignment_geofenceUITests;
			sourceTree = "<group>";
		};
		6EB7569A27A0532800D14C3E /* Domain */ = {
			isa = PBXGroup;
			children = (
				6EB7569E27A0553B00D14C3E /* Entities */,
				6EB7569D27A054FD00D14C3E /* UseCases */,
				6EE75F4627A2A7D20062787C /* Repositories */,
			);
			path = Domain;
			sourceTree = "<group>";
		};
		6EB7569B27A0533900D14C3E /* Presentation */ = {
			isa = PBXGroup;
			children = (
				6ECD8F0827A5450A0068C2AC /* Extension */,
				6EE75F5227A3F0720062787C /* Mapping */,
				6E044E9527A11CCA00607D76 /* Models */,
				6EB756AB27A0F70A00D14C3E /* Scenes */,
				6E044E9A27A1239400607D76 /* Extension.swift */,
			);
			path = Presentation;
			sourceTree = "<group>";
		};
		6EB7569C27A0535C00D14C3E /* Data */ = {
			isa = PBXGroup;
			children = (
				6EE75F4F27A3D5890062787C /* Mapping */,
				6EE75F4A27A2A8630062787C /* Repositories+Imp */,
				6EE75F4927A2A85E0062787C /* Models */,
			);
			path = Data;
			sourceTree = "<group>";
		};
		6EB7569D27A054FD00D14C3E /* UseCases */ = {
			isa = PBXGroup;
			children = (
				6EB756AD27A0FD9000D14C3E /* LocationManager.swift */,
				6EE75F4427A2A1BD0062787C /* GeofenceAreaUseCase.swift */,
			);
			path = UseCases;
			sourceTree = "<group>";
		};
		6EB7569E27A0553B00D14C3E /* Entities */ = {
			isa = PBXGroup;
			children = (
				6EB7569F27A05CDC00D14C3E /* GeoAreaEntity.swift */,
			);
			path = Entities;
			sourceTree = "<group>";
		};
		6EB756A527A0F33000D14C3E /* Application */ = {
			isa = PBXGroup;
			children = (
				6EB7566A27A0530C00D14C3E /* AppDelegate.swift */,
				6EB7566C27A0530C00D14C3E /* SceneDelegate.swift */,
				6EB7567527A0530F00D14C3E /* LaunchScreen.storyboard */,
			);
			path = Application;
			sourceTree = "<group>";
		};
		6EB756A627A0F34D00D14C3E /* SupportingFiles */ = {
			isa = PBXGroup;
			children = (
				6E044EA027A128B800607D76 /* HoChiMinh.gpx */,
				6E044E9E27A1264900607D76 /* TestMove.gpx */,
				6EB7567327A0530F00D14C3E /* Assets.xcassets */,
				6EB7567027A0530C00D14C3E /* Main.storyboard */,
				6EB7567827A0530F00D14C3E /* Info.plist */,
			);
			path = SupportingFiles;
			sourceTree = "<group>";
		};
		6EB756AB27A0F70A00D14C3E /* Scenes */ = {
			isa = PBXGroup;
			children = (
				6EC1AA6427A28D3B00E4589C /* AddGeofication */,
				6EB756AC27A0F71900D14C3E /* Geotifications */,
			);
			path = Scenes;
			sourceTree = "<group>";
		};
		6EB756AC27A0F71900D14C3E /* Geotifications */ = {
			isa = PBXGroup;
			children = (
				6EB756A727A0F70300D14C3E /* GeotificationsViewController.swift */,
				6EB756A827A0F70400D14C3E /* GeotificationsViewController.xib */,
			);
			path = Geotifications;
			sourceTree = "<group>";
		};
		6EC1AA6427A28D3B00E4589C /* AddGeofication */ = {
			isa = PBXGroup;
			children = (
				6EC1AA6527A28D6900E4589C /* AddGeotificationViewController.swift */,
				6EC1AA6627A28D6900E4589C /* AddGeotificationViewController.xib */,
			);
			path = AddGeofication;
			sourceTree = "<group>";
		};
		6ECD8F0827A5450A0068C2AC /* Extension */ = {
			isa = PBXGroup;
			children = (
				6ECD8F0927A5452D0068C2AC /* GeoAreaEntity+Extension.swift */,
			);
			path = Extension;
			sourceTree = "<group>";
		};
		6EE75F4627A2A7D20062787C /* Repositories */ = {
			isa = PBXGroup;
			children = (
				6EE75F4727A2A7F70062787C /* GeoficationRepository.swift */,
			);
			path = Repositories;
			sourceTree = "<group>";
		};
		6EE75F4927A2A85E0062787C /* Models */ = {
			isa = PBXGroup;
			children = (
				6EE75F4D27A3D3F30062787C /* GeoAreaDataModel.swift */,
			);
			path = Models;
			sourceTree = "<group>";
		};
		6EE75F4A27A2A8630062787C /* Repositories+Imp */ = {
			isa = PBXGroup;
			children = (
				6EE75F4B27A2AF900062787C /* UserDefaultGeofenceRepositoryImp.swift */,
			);
			path = "Repositories+Imp";
			sourceTree = "<group>";
		};
		6EE75F4F27A3D5890062787C /* Mapping */ = {
			isa = PBXGroup;
			children = (
				6EE75F5027A3D59E0062787C /* GeoAreaEntity+Mapping.swift */,
			);
			path = Mapping;
			sourceTree = "<group>";
		};
		6EE75F5227A3F0720062787C /* Mapping */ = {
			isa = PBXGroup;
			children = (
				6EE75F5327A3F0880062787C /* GeoAreaUI+Mapping.swift */,
			);
			path = Mapping;
			sourceTree = "<group>";
		};
/* End PBXGroup section */

/* Begin PBXNativeTarget section */
		6EB7566627A0530C00D14C3E /* assignment_geofence */ = {
			isa = PBXNativeTarget;
			buildConfigurationList = 6EB7569127A0530F00D14C3E /* Build configuration list for PBXNativeTarget "assignment_geofence" */;
			buildPhases = (
				6EB7566327A0530C00D14C3E /* Sources */,
				6EB7566427A0530C00D14C3E /* Frameworks */,
				6EB7566527A0530C00D14C3E /* Resources */,
			);
			buildRules = (
			);
			dependencies = (
			);
			name = assignment_geofence;
			productName = assignment_geofence;
			productReference = 6EB7566727A0530C00D14C3E /* assignment_geofence.app */;
			productType = "com.apple.product-type.application";
		};
		6EB7567C27A0530F00D14C3E /* assignment_geofenceTests */ = {
			isa = PBXNativeTarget;
			buildConfigurationList = 6EB7569427A0530F00D14C3E /* Build configuration list for PBXNativeTarget "assignment_geofenceTests" */;
			buildPhases = (
				6EB7567927A0530F00D14C3E /* Sources */,
				6EB7567A27A0530F00D14C3E /* Frameworks */,
				6EB7567B27A0530F00D14C3E /* Resources */,
			);
			buildRules = (
			);
			dependencies = (
				6EB7567F27A0530F00D14C3E /* PBXTargetDependency */,
			);
			name = assignment_geofenceTests;
			productName = assignment_geofenceTests;
			productReference = 6EB7567D27A0530F00D14C3E /* assignment_geofenceTests.xctest */;
			productType = "com.apple.product-type.bundle.unit-test";
		};
		6EB7568627A0530F00D14C3E /* assignment_geofenceUITests */ = {
			isa = PBXNativeTarget;
			buildConfigurationList = 6EB7569727A0530F00D14C3E /* Build configuration list for PBXNativeTarget "assignment_geofenceUITests" */;
			buildPhases = (
				6EB7568327A0530F00D14C3E /* Sources */,
				6EB7568427A0530F00D14C3E /* Frameworks */,
				6EB7568527A0530F00D14C3E /* Resources */,
			);
			buildRules = (
			);
			dependencies = (
				6EB7568927A0530F00D14C3E /* PBXTargetDependency */,
			);
			name = assignment_geofenceUITests;
			productName = assignment_geofenceUITests;
			productReference = 6EB7568727A0530F00D14C3E /* assignment_geofenceUITests.xctest */;
			productType = "com.apple.product-type.bundle.ui-testing";
		};
/* End PBXNativeTarget section */

/* Begin PBXProject section */
		6EB7565F27A0530C00D14C3E /* Project object */ = {
			isa = PBXProject;
			attributes = {
				BuildIndependentTargetsInParallel = 1;
				LastSwiftUpdateCheck = 1300;
				LastUpgradeCheck = 1300;
				TargetAttributes = {
					6EB7566627A0530C00D14C3E = {
						CreatedOnToolsVersion = 13.0;
					};
					6EB7567C27A0530F00D14C3E = {
						CreatedOnToolsVersion = 13.0;
						TestTargetID = 6EB7566627A0530C00D14C3E;
					};
					6EB7568627A0530F00D14C3E = {
						CreatedOnToolsVersion = 13.0;
						TestTargetID = 6EB7566627A0530C00D14C3E;
					};
				};
			};
			buildConfigurationList = 6EB7566227A0530C00D14C3E /* Build configuration list for PBXProject "assignment_geofence" */;
			compatibilityVersion = "Xcode 13.0";
			developmentRegion = en;
			hasScannedForEncodings = 0;
			knownRegions = (
				en,
				Base,
			);
			mainGroup = 6EB7565E27A0530C00D14C3E;
			productRefGroup = 6EB7566827A0530C00D14C3E /* Products */;
			projectDirPath = "";
			projectRoot = "";
			targets = (
				6EB7566627A0530C00D14C3E /* assignment_geofence */,
				6EB7567C27A0530F00D14C3E /* assignment_geofenceTests */,
				6EB7568627A0530F00D14C3E /* assignment_geofenceUITests */,
			);
		};
/* End PBXProject section */

/* Begin PBXResourcesBuildPhase section */
		6EB7566527A0530C00D14C3E /* Resources */ = {
			isa = PBXResourcesBuildPhase;
			buildActionMask = 2147483647;
			files = (
				6EC1AA6827A28D6900E4589C /* AddGeotificationViewController.xib in Resources */,
				6EB756AA27A0F70400D14C3E /* GeotificationsViewController.xib in Resources */,
				6EB7567727A0530F00D14C3E /* LaunchScreen.storyboard in Resources */,
				6EB7567427A0530F00D14C3E /* Assets.xcassets in Resources */,
				6EB7567227A0530C00D14C3E /* Main.storyboard in Resources */,
				6E044E9F27A1264900607D76 /* TestMove.gpx in Resources */,
			);
			runOnlyForDeploymentPostprocessing = 0;
		};
		6EB7567B27A0530F00D14C3E /* Resources */ = {
			isa = PBXResourcesBuildPhase;
			buildActionMask = 2147483647;
			files = (
			);
			runOnlyForDeploymentPostprocessing = 0;
		};
		6EB7568527A0530F00D14C3E /* Resources */ = {
			isa = PBXResourcesBuildPhase;
			buildActionMask = 2147483647;
			files = (
			);
			runOnlyForDeploymentPostprocessing = 0;
		};
/* End PBXResourcesBuildPhase section */

/* Begin PBXSourcesBuildPhase section */
		6EB7566327A0530C00D14C3E /* Sources */ = {
			isa = PBXSourcesBuildPhase;
			buildActionMask = 2147483647;
			files = (
				6E044E9B27A1239400607D76 /* Extension.swift in Sources */,
				6EB756A927A0F70400D14C3E /* GeotificationsViewController.swift in Sources */,
				6EE75F4E27A3D3F30062787C /* GeoAreaDataModel.swift in Sources */,
				6EE75F4827A2A7F70062787C /* GeoficationRepository.swift in Sources */,
				6EE75F5127A3D59E0062787C /* GeoAreaEntity+Mapping.swift in Sources */,
				6EE75F4527A2A1BD0062787C /* GeofenceAreaUseCase.swift in Sources */,
				6EB7566B27A0530C00D14C3E /* AppDelegate.swift in Sources */,
				6EB756AE27A0FD9000D14C3E /* LocationManager.swift in Sources */,
				6E044E9727A11D3C00607D76 /* GeoAreaUI.swift in Sources */,
				6EB7566D27A0530C00D14C3E /* SceneDelegate.swift in Sources */,
				6EE75F5427A3F0880062787C /* GeoAreaUI+Mapping.swift in Sources */,
				6EE75F4C27A2AF900062787C /* UserDefaultGeofenceRepositoryImp.swift in Sources */,
				6ECD8F0A27A5452D0068C2AC /* GeoAreaEntity+Extension.swift in Sources */,
				6EC1AA6727A28D6900E4589C /* AddGeotificationViewController.swift in Sources */,
				6EB756A027A05CDC00D14C3E /* GeoAreaEntity.swift in Sources */,
			);
			runOnlyForDeploymentPostprocessing = 0;
		};
		6EB7567927A0530F00D14C3E /* Sources */ = {
			isa = PBXSourcesBuildPhase;
			buildActionMask = 2147483647;
			files = (
				6ECD8F1327A54B680068C2AC /* GeoficationRepositoryMock.swift in Sources */,
				6ECD8F1527A54BF10068C2AC /* GeofenceAreaUseCaseTests.swift in Sources */,
				6E044EA227A242EB00607D76 /* GeofenceLogicTest.swift in Sources */,
			);
			runOnlyForDeploymentPostprocessing = 0;
		};
		6EB7568327A0530F00D14C3E /* Sources */ = {
			isa = PBXSourcesBuildPhase;
			buildActionMask = 2147483647;
			files = (
				6EB7568C27A0530F00D14C3E /* assignment_geofenceUITests.swift in Sources */,
			);
			runOnlyForDeploymentPostprocessing = 0;
		};
/* End PBXSourcesBuildPhase section */

/* Begin PBXTargetDependency section */
		6EB7567F27A0530F00D14C3E /* PBXTargetDependency */ = {
			isa = PBXTargetDependency;
			target = 6EB7566627A0530C00D14C3E /* assignment_geofence */;
			targetProxy = 6EB7567E27A0530F00D14C3E /* PBXContainerItemProxy */;
		};
		6EB7568927A0530F00D14C3E /* PBXTargetDependency */ = {
			isa = PBXTargetDependency;
			target = 6EB7566627A0530C00D14C3E /* assignment_geofence */;
			targetProxy = 6EB7568827A0530F00D14C3E /* PBXContainerItemProxy */;
		};
/* End PBXTargetDependency section */

/* Begin PBXVariantGroup section */
		6EB7567027A0530C00D14C3E /* Main.storyboard */ = {
			isa = PBXVariantGroup;
			children = (
				6EB7567127A0530C00D14C3E /* Base */,
			);
			name = Main.storyboard;
			sourceTree = "<group>";
		};
		6EB7567527A0530F00D14C3E /* LaunchScreen.storyboard */ = {
			isa = PBXVariantGroup;
			children = (
				6EB7567627A0530F00D14C3E /* Base */,
			);
			name = LaunchScreen.storyboard;
			sourceTree = "<group>";
		};
/* End PBXVariantGroup section */

/* Begin XCBuildConfiguration section */
		6EB7568F27A0530F00D14C3E /* Debug */ = {
			isa = XCBuildConfiguration;
			buildSettings = {
				ALWAYS_SEARCH_USER_PATHS = NO;
				CLANG_ANALYZER_NONNULL = YES;
				CLANG_ANALYZER_NUMBER_OBJECT_CONVERSION = YES_AGGRESSIVE;
				CLANG_CXX_LANGUAGE_STANDARD = "gnu++17";
				CLANG_CXX_LIBRARY = "libc++";
				CLANG_ENABLE_MODULES = YES;
				CLANG_ENABLE_OBJC_ARC = YES;
				CLANG_ENABLE_OBJC_WEAK = YES;
				CLANG_WARN_BLOCK_CAPTURE_AUTORELEASING = YES;
				CLANG_WARN_BOOL_CONVERSION = YES;
				CLANG_WARN_COMMA = YES;
				CLANG_WARN_CONSTANT_CONVERSION = YES;
				CLANG_WARN_DEPRECATED_OBJC_IMPLEMENTATIONS = YES;
				CLANG_WARN_DIRECT_OBJC_ISA_USAGE = YES_ERROR;
				CLANG_WARN_DOCUMENTATION_COMMENTS = YES;
				CLANG_WARN_EMPTY_BODY = YES;
				CLANG_WARN_ENUM_CONVERSION = YES;
				CLANG_WARN_INFINITE_RECURSION = YES;
				CLANG_WARN_INT_CONVERSION = YES;
				CLANG_WARN_NON_LITERAL_NULL_CONVERSION = YES;
				CLANG_WARN_OBJC_IMPLICIT_RETAIN_SELF = YES;
				CLANG_WARN_OBJC_LITERAL_CONVERSION = YES;
				CLANG_WARN_OBJC_ROOT_CLASS = YES_ERROR;
				CLANG_WARN_QUOTED_INCLUDE_IN_FRAMEWORK_HEADER = YES;
				CLANG_WARN_RANGE_LOOP_ANALYSIS = YES;
				CLANG_WARN_STRICT_PROTOTYPES = YES;
				CLANG_WARN_SUSPICIOUS_MOVE = YES;
				CLANG_WARN_UNGUARDED_AVAILABILITY = YES_AGGRESSIVE;
				CLANG_WARN_UNREACHABLE_CODE = YES;
				CLANG_WARN__DUPLICATE_METHOD_MATCH = YES;
				COPY_PHASE_STRIP = NO;
				DEBUG_INFORMATION_FORMAT = dwarf;
				ENABLE_STRICT_OBJC_MSGSEND = YES;
				ENABLE_TESTABILITY = YES;
				GCC_C_LANGUAGE_STANDARD = gnu11;
				GCC_DYNAMIC_NO_PIC = NO;
				GCC_NO_COMMON_BLOCKS = YES;
				GCC_OPTIMIZATION_LEVEL = 0;
				GCC_PREPROCESSOR_DEFINITIONS = (
					"DEBUG=1",
					"$(inherited)",
				);
				GCC_WARN_64_TO_32_BIT_CONVERSION = YES;
				GCC_WARN_ABOUT_RETURN_TYPE = YES_ERROR;
				GCC_WARN_UNDECLARED_SELECTOR = YES;
				GCC_WARN_UNINITIALIZED_AUTOS = YES_AGGRESSIVE;
				GCC_WARN_UNUSED_FUNCTION = YES;
				GCC_WARN_UNUSED_VARIABLE = YES;
				IPHONEOS_DEPLOYMENT_TARGET = 15.0;
				MTL_ENABLE_DEBUG_INFO = INCLUDE_SOURCE;
				MTL_FAST_MATH = YES;
				ONLY_ACTIVE_ARCH = YES;
				SDKROOT = iphoneos;
				SWIFT_ACTIVE_COMPILATION_CONDITIONS = DEBUG;
				SWIFT_OPTIMIZATION_LEVEL = "-Onone";
			};
			name = Debug;
		};
		6EB7569027A0530F00D14C3E /* Release */ = {
			isa = XCBuildConfiguration;
			buildSettings = {
				ALWAYS_SEARCH_USER_PATHS = NO;
				CLANG_ANALYZER_NONNULL = YES;
				CLANG_ANALYZER_NUMBER_OBJECT_CONVERSION = YES_AGGRESSIVE;
				CLANG_CXX_LANGUAGE_STANDARD = "gnu++17";
				CLANG_CXX_LIBRARY = "libc++";
				CLANG_ENABLE_MODULES = YES;
				CLANG_ENABLE_OBJC_ARC = YES;
				CLANG_ENABLE_OBJC_WEAK = YES;
				CLANG_WARN_BLOCK_CAPTURE_AUTORELEASING = YES;
				CLANG_WARN_BOOL_CONVERSION = YES;
				CLANG_WARN_COMMA = YES;
				CLANG_WARN_CONSTANT_CONVERSION = YES;
				CLANG_WARN_DEPRECATED_OBJC_IMPLEMENTATIONS = YES;
				CLANG_WARN_DIRECT_OBJC_ISA_USAGE = YES_ERROR;
				CLANG_WARN_DOCUMENTATION_COMMENTS = YES;
				CLANG_WARN_EMPTY_BODY = YES;
				CLANG_WARN_ENUM_CONVERSION = YES;
				CLANG_WARN_INFINITE_RECURSION = YES;
				CLANG_WARN_INT_CONVERSION = YES;
				CLANG_WARN_NON_LITERAL_NULL_CONVERSION = YES;
				CLANG_WARN_OBJC_IMPLICIT_RETAIN_SELF = YES;
				CLANG_WARN_OBJC_LITERAL_CONVERSION = YES;
				CLANG_WARN_OBJC_ROOT_CLASS = YES_ERROR;
				CLANG_WARN_QUOTED_INCLUDE_IN_FRAMEWORK_HEADER = YES;
				CLANG_WARN_RANGE_LOOP_ANALYSIS = YES;
				CLANG_WARN_STRICT_PROTOTYPES = YES;
				CLANG_WARN_SUSPICIOUS_MOVE = YES;
				CLANG_WARN_UNGUARDED_AVAILABILITY = YES_AGGRESSIVE;
				CLANG_WARN_UNREACHABLE_CODE = YES;
				CLANG_WARN__DUPLICATE_METHOD_MATCH = YES;
				COPY_PHASE_STRIP = NO;
				DEBUG_INFORMATION_FORMAT = "dwarf-with-dsym";
				ENABLE_NS_ASSERTIONS = NO;
				ENABLE_STRICT_OBJC_MSGSEND = YES;
				GCC_C_LANGUAGE_STANDARD = gnu11;
				GCC_NO_COMMON_BLOCKS = YES;
				GCC_WARN_64_TO_32_BIT_CONVERSION = YES;
				GCC_WARN_ABOUT_RETURN_TYPE = YES_ERROR;
				GCC_WARN_UNDECLARED_SELECTOR = YES;
				GCC_WARN_UNINITIALIZED_AUTOS = YES_AGGRESSIVE;
				GCC_WARN_UNUSED_FUNCTION = YES;
				GCC_WARN_UNUSED_VARIABLE = YES;
				IPHONEOS_DEPLOYMENT_TARGET = 15.0;
				MTL_ENABLE_DEBUG_INFO = NO;
				MTL_FAST_MATH = YES;
				SDKROOT = iphoneos;
				SWIFT_COMPILATION_MODE = wholemodule;
				SWIFT_OPTIMIZATION_LEVEL = "-O";
				VALIDATE_PRODUCT = YES;
			};
			name = Release;
		};
		6EB7569227A0530F00D14C3E /* Debug */ = {
			isa = XCBuildConfiguration;
			buildSettings = {
				ASSETCATALOG_COMPILER_APPICON_NAME = AppIcon;
				ASSETCATALOG_COMPILER_GLOBAL_ACCENT_COLOR_NAME = AccentColor;
				CODE_SIGN_IDENTITY = "Apple Development";
				CODE_SIGN_STYLE = Automatic;
				CURRENT_PROJECT_VERSION = 1;
				DEVELOPMENT_TEAM = 329PMA5UHP;
				GENERATE_INFOPLIST_FILE = YES;
				INFOPLIST_FILE = assignment_geofence/SupportingFiles/Info.plist;
				INFOPLIST_KEY_UIApplicationSupportsIndirectInputEvents = YES;
				INFOPLIST_KEY_UILaunchStoryboardName = LaunchScreen;
				INFOPLIST_KEY_UIMainStoryboardFile = Main;
				INFOPLIST_KEY_UISupportedInterfaceOrientations = UIInterfaceOrientationPortrait;
				INFOPLIST_KEY_UISupportedInterfaceOrientations_iPad = "UIInterfaceOrientationPortrait UIInterfaceOrientationPortraitUpsideDown UIInterfaceOrientationLandscapeLeft UIInterfaceOrientationLandscapeRight";
				INFOPLIST_KEY_UISupportedInterfaceOrientations_iPhone = "UIInterfaceOrientationPortrait UIInterfaceOrientationLandscapeLeft UIInterfaceOrientationLandscapeRight";
				LD_RUNPATH_SEARCH_PATHS = (
					"$(inherited)",
					"@executable_path/Frameworks",
				);
				MARKETING_VERSION = 1.0;
				PRODUCT_BUNDLE_IDENTIFIER = "com.khoanguyen.assignment-geofence";
				PRODUCT_NAME = "$(TARGET_NAME)";
				PROVISIONING_PROFILE_SPECIFIER = "";
				SWIFT_EMIT_LOC_STRINGS = YES;
				SWIFT_VERSION = 5.0;
				TARGETED_DEVICE_FAMILY = 1;
			};
			name = Debug;
		};
		6EB7569327A0530F00D14C3E /* Release */ = {
			isa = XCBuildConfiguration;
			buildSettings = {
				ASSETCATALOG_COMPILER_APPICON_NAME = AppIcon;
				ASSETCATALOG_COMPILER_GLOBAL_ACCENT_COLOR_NAME = AccentColor;
				CODE_SIGN_IDENTITY = "Apple Development";
				CODE_SIGN_STYLE = Automatic;
				CURRENT_PROJECT_VERSION = 1;
				DEVELOPMENT_TEAM = 329PMA5UHP;
				GENERATE_INFOPLIST_FILE = YES;
				INFOPLIST_FILE = assignment_geofence/SupportingFiles/Info.plist;
				INFOPLIST_KEY_UIApplicationSupportsIndirectInputEvents = YES;
				INFOPLIST_KEY_UILaunchStoryboardName = LaunchScreen;
				INFOPLIST_KEY_UIMainStoryboardFile = Main;
				INFOPLIST_KEY_UISupportedInterfaceOrientations = UIInterfaceOrientationPortrait;
				INFOPLIST_KEY_UISupportedInterfaceOrientations_iPad = "UIInterfaceOrientationPortrait UIInterfaceOrientationPortraitUpsideDown UIInterfaceOrientationLandscapeLeft UIInterfaceOrientationLandscapeRight";
				INFOPLIST_KEY_UISupportedInterfaceOrientations_iPhone = "UIInterfaceOrientationPortrait UIInterfaceOrientationLandscapeLeft UIInterfaceOrientationLandscapeRight";
				LD_RUNPATH_SEARCH_PATHS = (
					"$(inherited)",
					"@executable_path/Frameworks",
				);
				MARKETING_VERSION = 1.0;
				PRODUCT_BUNDLE_IDENTIFIER = "com.khoanguyen.assignment-geofence";
				PRODUCT_NAME = "$(TARGET_NAME)";
				PROVISIONING_PROFILE_SPECIFIER = "";
				SWIFT_EMIT_LOC_STRINGS = YES;
				SWIFT_VERSION = 5.0;
				TARGETED_DEVICE_FAMILY = 1;
			};
			name = Release;
		};
		6EB7569527A0530F00D14C3E /* Debug */ = {
			isa = XCBuildConfiguration;
			buildSettings = {
				ALWAYS_EMBED_SWIFT_STANDARD_LIBRARIES = YES;
				BUNDLE_LOADER = "$(TEST_HOST)";
				CODE_SIGN_STYLE = Automatic;
				CURRENT_PROJECT_VERSION = 1;
				GENERATE_INFOPLIST_FILE = YES;
				IPHONEOS_DEPLOYMENT_TARGET = 15.0;
				LD_RUNPATH_SEARCH_PATHS = (
					"$(inherited)",
					"@executable_path/Frameworks",
					"@loader_path/Frameworks",
				);
				MARKETING_VERSION = 1.0;
				PRODUCT_BUNDLE_IDENTIFIER = "com.khoanguyen.assignment-geofenceTests";
				PRODUCT_NAME = "$(TARGET_NAME)";
				SWIFT_EMIT_LOC_STRINGS = NO;
				SWIFT_VERSION = 5.0;
				TARGETED_DEVICE_FAMILY = "1,2";
				TEST_HOST = "$(BUILT_PRODUCTS_DIR)/assignment_geofence.app/assignment_geofence";
			};
			name = Debug;
		};
		6EB7569627A0530F00D14C3E /* Release */ = {
			isa = XCBuildConfiguration;
			buildSettings = {
				ALWAYS_EMBED_SWIFT_STANDARD_LIBRARIES = YES;
				BUNDLE_LOADER = "$(TEST_HOST)";
				CODE_SIGN_STYLE = Automatic;
				CURRENT_PROJECT_VERSION = 1;
				GENERATE_INFOPLIST_FILE = YES;
				IPHONEOS_DEPLOYMENT_TARGET = 15.0;
				LD_RUNPATH_SEARCH_PATHS = (
					"$(inherited)",
					"@executable_path/Frameworks",
					"@loader_path/Frameworks",
				);
				MARKETING_VERSION = 1.0;
				PRODUCT_BUNDLE_IDENTIFIER = "com.khoanguyen.assignment-geofenceTests";
				PRODUCT_NAME = "$(TARGET_NAME)";
				SWIFT_EMIT_LOC_STRINGS = NO;
				SWIFT_VERSION = 5.0;
				TARGETED_DEVICE_FAMILY = "1,2";
				TEST_HOST = "$(BUILT_PRODUCTS_DIR)/assignment_geofence.app/assignment_geofence";
			};
			name = Release;
		};
		6EB7569827A0530F00D14C3E /* Debug */ = {
			isa = XCBuildConfiguration;
			buildSettings = {
				ALWAYS_EMBED_SWIFT_STANDARD_LIBRARIES = YES;
				CODE_SIGN_STYLE = Automatic;
				CURRENT_PROJECT_VERSION = 1;
				GENERATE_INFOPLIST_FILE = YES;
				LD_RUNPATH_SEARCH_PATHS = (
					"$(inherited)",
					"@executable_path/Frameworks",
					"@loader_path/Frameworks",
				);
				MARKETING_VERSION = 1.0;
				PRODUCT_BUNDLE_IDENTIFIER = "com.khoanguyen.assignment-geofenceUITests";
				PRODUCT_NAME = "$(TARGET_NAME)";
				SWIFT_EMIT_LOC_STRINGS = NO;
				SWIFT_VERSION = 5.0;
				TARGETED_DEVICE_FAMILY = "1,2";
				TEST_TARGET_NAME = assignment_geofence;
			};
			name = Debug;
		};
		6EB7569927A0530F00D14C3E /* Release */ = {
			isa = XCBuildConfiguration;
			buildSettings = {
				ALWAYS_EMBED_SWIFT_STANDARD_LIBRARIES = YES;
				CODE_SIGN_STYLE = Automatic;
				CURRENT_PROJECT_VERSION = 1;
				GENERATE_INFOPLIST_FILE = YES;
				LD_RUNPATH_SEARCH_PATHS = (
					"$(inherited)",
					"@executable_path/Frameworks",
					"@loader_path/Frameworks",
				);
				MARKETING_VERSION = 1.0;
				PRODUCT_BUNDLE_IDENTIFIER = "com.khoanguyen.assignment-geofenceUITests";
				PRODUCT_NAME = "$(TARGET_NAME)";
				SWIFT_EMIT_LOC_STRINGS = NO;
				SWIFT_VERSION = 5.0;
				TARGETED_DEVICE_FAMILY = "1,2";
				TEST_TARGET_NAME = assignment_geofence;
			};
			name = Release;
		};
/* End XCBuildConfiguration section */

/* Begin XCConfigurationList section */
		6EB7566227A0530C00D14C3E /* Build configuration list for PBXProject "assignment_geofence" */ = {
			isa = XCConfigurationList;
			buildConfigurations = (
				6EB7568F27A0530F00D14C3E /* Debug */,
				6EB7569027A0530F00D14C3E /* Release */,
			);
			defaultConfigurationIsVisible = 0;
			defaultConfigurationName = Release;
		};
		6EB7569127A0530F00D14C3E /* Build configuration list for PBXNativeTarget "assignment_geofence" */ = {
			isa = XCConfigurationList;
			buildConfigurations = (
				6EB7569227A0530F00D14C3E /* Debug */,
				6EB7569327A0530F00D14C3E /* Release */,
			);
			defaultConfigurationIsVisible = 0;
			defaultConfigurationName = Release;
		};
		6EB7569427A0530F00D14C3E /* Build configuration list for PBXNativeTarget "assignment_geofenceTests" */ = {
			isa = XCConfigurationList;
			buildConfigurations = (
				6EB7569527A0530F00D14C3E /* Debug */,
				6EB7569627A0530F00D14C3E /* Release */,
			);
			defaultConfigurationIsVisible = 0;
			defaultConfigurationName = Release;
		};
		6EB7569727A0530F00D14C3E /* Build configuration list for PBXNativeTarget "assignment_geofenceUITests" */ = {
			isa = XCConfigurationList;
			buildConfigurations = (
				6EB7569827A0530F00D14C3E /* Debug */,
				6EB7569927A0530F00D14C3E /* Release */,
			);
			defaultConfigurationIsVisible = 0;
			defaultConfigurationName = Release;
		};
/* End XCConfigurationList section */
	};
	rootObject = 6EB7565F27A0530C00D14C3E /* Project object */;
}
